
Microsoft Visual Studio Solution File, Format Version 12.00
# Visual Studio 15
VisualStudioVersion = 15.0.28307.572
MinimumVisualStudioVersion = 10.0.40219.1
Project("{FAE04EC0-301F-11D3-BF4B-00C04F79EFBC}") = "ProCP_App", "ProCP_App\ProCP_App.csproj", "{42DD0119-CFA3-402C-8287-5F87DD85652B}"
EndProject
Global
	GlobalSection(SolutionConfigurationPlatforms) = preSolution
		Debug|Any CPU = Debug|Any CPU
		Release|Any CPU = Release|Any CPU
	EndGlobalSection
	GlobalSection(ProjectConfigurationPlatforms) = postSolution
		{42DD0119-CFA3-402C-8287-5F87DD85652B}.Debug|Any CPU.ActiveCfg = Debug|Any CPU
		{42DD0119-CFA3-402C-8287-5F87DD85652B}.Debug|Any CPU.Build.0 = Debug|Any CPU
		{42DD0119-CFA3-402C-8287-5F87DD85652B}.Release|Any CPU.ActiveCfg = Release|Any CPU
		{42DD0119-CFA3-402C-8287-5F87DD85652B}.Release|Any CPU.Build.0 = Release|Any CPU
	EndGlobalSection
	GlobalSection(SolutionProperties) = preSolution
		HideSolutionNode = FALSE
	EndGlobalSection
	GlobalSection(ExtensibilityGlobals) = postSolution
		SolutionGuid = {844271AF-362B-4C98-BE23-21FE148DE7B6}
	EndGlobalSection
EndGlobal
